
Microsoft Visual Studio Solution File, Format Version 11.00
# Visual Studio 2010
Project("{FAE04EC0-301F-11D3-BF4B-00C04F79EFBC}") = "Hello World", "Hello World\Hello World.csproj", "{CA067158-FF14-4949-8106-C4145C4E8654}"
EndProject
Global
	GlobalSection(SolutionConfigurationPlatforms) = preSolution
		Debug|x86 = Debug|x86
		Release|x86 = Release|x86
	EndGlobalSection
	GlobalSection(ProjectConfigurationPlatforms) = postSolution
		{CA067158-FF14-4949-8106-C4145C4E8654}.Debug|x86.ActiveCfg = Debug|x86
		{CA067158-FF14-4949-8106-C4145C4E8654}.Debug|x86.Build.0 = Debug|x86
		{CA067158-FF14-4949-8106-C4145C4E8654}.Release|x86.ActiveCfg = Release|x86
		{CA067158-FF14-4949-8106-C4145C4E8654}.Release|x86.Build.0 = Release|x86
	EndGlobalSection
	GlobalSection(SolutionProperties) = preSolution
		HideSolutionNode = FALSE
	EndGlobalSection
EndGlobal
