
Microsoft Visual Studio Solution File, Format Version 11.00
# Visual Studio 2010
Project("{FAE04EC0-301F-11D3-BF4B-00C04F79EFBC}") = "TimerComponent", "WindowsFormsApplication6\TimerComponent.csproj", "{FBFA0FE9-61EC-404C-AF77-900F952BD55B}"
EndProject
Global
	GlobalSection(SolutionConfigurationPlatforms) = preSolution
		Debug|x86 = Debug|x86
		Release|x86 = Release|x86
	EndGlobalSection
	GlobalSection(ProjectConfigurationPlatforms) = postSolution
		{FBFA0FE9-61EC-404C-AF77-900F952BD55B}.Debug|x86.ActiveCfg = Debug|x86
		{FBFA0FE9-61EC-404C-AF77-900F952BD55B}.Debug|x86.Build.0 = Debug|x86
		{FBFA0FE9-61EC-404C-AF77-900F952BD55B}.Release|x86.ActiveCfg = Release|x86
		{FBFA0FE9-61EC-404C-AF77-900F952BD55B}.Release|x86.Build.0 = Release|x86
	EndGlobalSection
	GlobalSection(SolutionProperties) = preSolution
		HideSolutionNode = FALSE
	EndGlobalSection
EndGlobal
