
Microsoft Visual Studio Solution File, Format Version 11.00
# Visual Studio 2010
Project("{FAE04EC0-301F-11D3-BF4B-00C04F79EFBC}") = "ProgrammingClass1", "ProgrammingClass1\ProgrammingClass1.csproj", "{0F761000-DF58-4FCC-8775-0CC29FCFD132}"
EndProject
Global
	GlobalSection(SolutionConfigurationPlatforms) = preSolution
		Debug|x86 = Debug|x86
		Release|x86 = Release|x86
	EndGlobalSection
	GlobalSection(ProjectConfigurationPlatforms) = postSolution
		{0F761000-DF58-4FCC-8775-0CC29FCFD132}.Debug|x86.ActiveCfg = Debug|x86
		{0F761000-DF58-4FCC-8775-0CC29FCFD132}.Debug|x86.Build.0 = Debug|x86
		{0F761000-DF58-4FCC-8775-0CC29FCFD132}.Release|x86.ActiveCfg = Release|x86
		{0F761000-DF58-4FCC-8775-0CC29FCFD132}.Release|x86.Build.0 = Release|x86
	EndGlobalSection
	GlobalSection(SolutionProperties) = preSolution
		HideSolutionNode = FALSE
	EndGlobalSection
EndGlobal
